
Microsoft Visual Studio Solution File, Format Version 12.00
# Visual Studio Version 16
VisualStudioVersion = 16.0.30907.101
MinimumVisualStudioVersion = 10.0.40219.1
Project("{FAE04EC0-301F-11D3-BF4B-00C04F79EFBC}") = "VirtualMachine", "VirtualMachine\VirtualMachine.csproj", "{46C9A599-2436-4033-BC07-C2BF16E9DB2B}"
EndProject
Global
	GlobalSection(SolutionConfigurationPlatforms) = preSolution
		Debug|Any CPU = Debug|Any CPU
		Release|Any CPU = Release|Any CPU
	EndGlobalSection
	GlobalSection(ProjectConfigurationPlatforms) = postSolution
		{46C9A599-2436-4033-BC07-C2BF16E9DB2B}.Debug|Any CPU.ActiveCfg = Debug|Any CPU
		{46C9A599-2436-4033-BC07-C2BF16E9DB2B}.Debug|Any CPU.Build.0 = Debug|Any CPU
		{46C9A599-2436-4033-BC07-C2BF16E9DB2B}.Release|Any CPU.ActiveCfg = Release|Any CPU
		{46C9A599-2436-4033-BC07-C2BF16E9DB2B}.Release|Any CPU.Build.0 = Release|Any CPU
	EndGlobalSection
	GlobalSection(SolutionProperties) = preSolution
		HideSolutionNode = FALSE
	EndGlobalSection
	GlobalSection(ExtensibilityGlobals) = postSolution
		SolutionGuid = {C2CA0267-E5DC-42D7-A68C-5167A070826E}
	EndGlobalSection
EndGlobal
